
Microsoft Visual Studio Solution File, Format Version 12.00
Project("{FAE04EC0-301F-11D3-BF4B-00C04F79EFBC}") = "TaskAdminApi", "TaskAdminApi\TaskAdminApi.csproj", "{BEFB5C8D-49BD-4561-A4B0-786797C57E27}"
EndProject
Global
	GlobalSection(SolutionConfigurationPlatforms) = preSolution
		Debug|Any CPU = Debug|Any CPU
		Release|Any CPU = Release|Any CPU
	EndGlobalSection
	GlobalSection(ProjectConfigurationPlatforms) = postSolution
		{BEFB5C8D-49BD-4561-A4B0-786797C57E27}.Debug|Any CPU.ActiveCfg = Debug|Any CPU
		{BEFB5C8D-49BD-4561-A4B0-786797C57E27}.Debug|Any CPU.Build.0 = Debug|Any CPU
		{BEFB5C8D-49BD-4561-A4B0-786797C57E27}.Release|Any CPU.ActiveCfg = Release|Any CPU
		{BEFB5C8D-49BD-4561-A4B0-786797C57E27}.Release|Any CPU.Build.0 = Release|Any CPU
	EndGlobalSection
EndGlobal
